
Microsoft Visual Studio Solution File, Format Version 12.00
# Visual Studio 14
VisualStudioVersion = 14.0.25420.1
MinimumVisualStudioVersion = 10.0.40219.1
Project("{2150E333-8FDC-42A3-9474-1A3956D46DE8}") = ".nuget", ".nuget", "{0C7A4B55-44D4-456E-9C6A-D35AB59DA5FD}"
	ProjectSection(SolutionItems) = preProject
		.nuget\NuGet.Config = .nuget\NuGet.Config
		.nuget\NuGet.exe = .nuget\NuGet.exe
		.nuget\NuGet.targets = .nuget\NuGet.targets
	EndProjectSection
EndProject
Project("{FAE04EC0-301F-11D3-BF4B-00C04F79EFBC}") = "DDD.Light.Repo.MongoDB", "DDD.Light.Repo.MongoDB\DDD.Light.Repo.MongoDB.csproj", "{AD1F872F-E8C6-41C7-A7F0-21CCB3AE1EC1}"
EndProject
Project("{2150E333-8FDC-42A3-9474-1A3956D46DE8}") = "Solution Items", "Solution Items", "{09CD37FF-B011-413B-BC0C-480F215D9518}"
	ProjectSection(SolutionItems) = preProject
		MIT-LICENSE.txt = MIT-LICENSE.txt
		README.md = README.md
		SharedAssemblyInfo.cs = SharedAssemblyInfo.cs
	EndProjectSection
EndProject
Project("{2150E333-8FDC-42A3-9474-1A3956D46DE8}") = "Tests", "Tests", "{6EE7ABD8-EA98-494F-B248-AA64F34CFD4B}"
EndProject
Project("{FAE04EC0-301F-11D3-BF4B-00C04F79EFBC}") = "DDD.Light.CQRS.InProcess.Tests", "Tests\DDD.Light.CQRS.InProcess.Tests\DDD.Light.CQRS.InProcess.Tests.csproj", "{DA541BAE-4358-41EE-BE73-9EF3534E4C78}"
EndProject
Project("{FAE04EC0-301F-11D3-BF4B-00C04F79EFBC}") = "DDD.Light.Repo.InMemory", "DDD.Light.Repo.InMemory\DDD.Light.Repo.InMemory.csproj", "{0D146339-2755-4610-BD55-5C2FEDFA02A5}"
EndProject
Project("{FAE04EC0-301F-11D3-BF4B-00C04F79EFBC}") = "DDD.Light.Contracts", "DDD.Light.Contracts\DDD.Light.Contracts.csproj", "{A84EE5C7-916C-41D3-8BDA-AB9B252C09B6}"
EndProject
Project("{FAE04EC0-301F-11D3-BF4B-00C04F79EFBC}") = "DDD.Light.Core", "DDD.Light.Core\DDD.Light.Core.csproj", "{82915045-7657-4840-BF45-4C72D9CC435C}"
EndProject
Global
	GlobalSection(SolutionConfigurationPlatforms) = preSolution
		Debug|Any CPU = Debug|Any CPU
		Debug|Mixed Platforms = Debug|Mixed Platforms
		Debug|x86 = Debug|x86
		Release|Any CPU = Release|Any CPU
		Release|Mixed Platforms = Release|Mixed Platforms
		Release|x86 = Release|x86
	EndGlobalSection
	GlobalSection(ProjectConfigurationPlatforms) = postSolution
		{AD1F872F-E8C6-41C7-A7F0-21CCB3AE1EC1}.Debug|Any CPU.ActiveCfg = Debug|Any CPU
		{AD1F872F-E8C6-41C7-A7F0-21CCB3AE1EC1}.Debug|Any CPU.Build.0 = Debug|Any CPU
		{AD1F872F-E8C6-41C7-A7F0-21CCB3AE1EC1}.Debug|Mixed Platforms.ActiveCfg = Debug|Any CPU
		{AD1F872F-E8C6-41C7-A7F0-21CCB3AE1EC1}.Debug|Mixed Platforms.Build.0 = Debug|Any CPU
		{AD1F872F-E8C6-41C7-A7F0-21CCB3AE1EC1}.Debug|x86.ActiveCfg = Debug|Any CPU
		{AD1F872F-E8C6-41C7-A7F0-21CCB3AE1EC1}.Release|Any CPU.ActiveCfg = Release|Any CPU
		{AD1F872F-E8C6-41C7-A7F0-21CCB3AE1EC1}.Release|Any CPU.Build.0 = Release|Any CPU
		{AD1F872F-E8C6-41C7-A7F0-21CCB3AE1EC1}.Release|Mixed Platforms.ActiveCfg = Release|Any CPU
		{AD1F872F-E8C6-41C7-A7F0-21CCB3AE1EC1}.Release|Mixed Platforms.Build.0 = Release|Any CPU
		{AD1F872F-E8C6-41C7-A7F0-21CCB3AE1EC1}.Release|x86.ActiveCfg = Release|Any CPU
		{DA541BAE-4358-41EE-BE73-9EF3534E4C78}.Debug|Any CPU.ActiveCfg = Debug|Any CPU
		{DA541BAE-4358-41EE-BE73-9EF3534E4C78}.Debug|Any CPU.Build.0 = Debug|Any CPU
		{DA541BAE-4358-41EE-BE73-9EF3534E4C78}.Debug|Mixed Platforms.ActiveCfg = Debug|Any CPU
		{DA541BAE-4358-41EE-BE73-9EF3534E4C78}.Debug|Mixed Platforms.Build.0 = Debug|Any CPU
		{DA541BAE-4358-41EE-BE73-9EF3534E4C78}.Debug|x86.ActiveCfg = Debug|Any CPU
		{DA541BAE-4358-41EE-BE73-9EF3534E4C78}.Release|Any CPU.ActiveCfg = Release|Any CPU
		{DA541BAE-4358-41EE-BE73-9EF3534E4C78}.Release|Any CPU.Build.0 = Release|Any CPU
		{DA541BAE-4358-41EE-BE73-9EF3534E4C78}.Release|Mixed Platforms.ActiveCfg = Release|Any CPU
		{DA541BAE-4358-41EE-BE73-9EF3534E4C78}.Release|Mixed Platforms.Build.0 = Release|Any CPU
		{DA541BAE-4358-41EE-BE73-9EF3534E4C78}.Release|x86.ActiveCfg = Release|Any CPU
		{0D146339-2755-4610-BD55-5C2FEDFA02A5}.Debug|Any CPU.ActiveCfg = Debug|Any CPU
		{0D146339-2755-4610-BD55-5C2FEDFA02A5}.Debug|Any CPU.Build.0 = Debug|Any CPU
		{0D146339-2755-4610-BD55-5C2FEDFA02A5}.Debug|Mixed Platforms.ActiveCfg = Debug|Any CPU
		{0D146339-2755-4610-BD55-5C2FEDFA02A5}.Debug|Mixed Platforms.Build.0 = Debug|Any CPU
		{0D146339-2755-4610-BD55-5C2FEDFA02A5}.Debug|x86.ActiveCfg = Debug|Any CPU
		{0D146339-2755-4610-BD55-5C2FEDFA02A5}.Release|Any CPU.ActiveCfg = Release|Any CPU
		{0D146339-2755-4610-BD55-5C2FEDFA02A5}.Release|Any CPU.Build.0 = Release|Any CPU
		{0D146339-2755-4610-BD55-5C2FEDFA02A5}.Release|Mixed Platforms.ActiveCfg = Release|Any CPU
		{0D146339-2755-4610-BD55-5C2FEDFA02A5}.Release|Mixed Platforms.Build.0 = Release|Any CPU
		{0D146339-2755-4610-BD55-5C2FEDFA02A5}.Release|x86.ActiveCfg = Release|Any CPU
		{A84EE5C7-916C-41D3-8BDA-AB9B252C09B6}.Debug|Any CPU.ActiveCfg = Debug|Any CPU
		{A84EE5C7-916C-41D3-8BDA-AB9B252C09B6}.Debug|Any CPU.Build.0 = Debug|Any CPU
		{A84EE5C7-916C-41D3-8BDA-AB9B252C09B6}.Debug|Mixed Platforms.ActiveCfg = Debug|Any CPU
		{A84EE5C7-916C-41D3-8BDA-AB9B252C09B6}.Debug|Mixed Platforms.Build.0 = Debug|Any CPU
		{A84EE5C7-916C-41D3-8BDA-AB9B252C09B6}.Debug|x86.ActiveCfg = Debug|Any CPU
		{A84EE5C7-916C-41D3-8BDA-AB9B252C09B6}.Debug|x86.Build.0 = Debug|Any CPU
		{A84EE5C7-916C-41D3-8BDA-AB9B252C09B6}.Release|Any CPU.ActiveCfg = Release|Any CPU
		{A84EE5C7-916C-41D3-8BDA-AB9B252C09B6}.Release|Any CPU.Build.0 = Release|Any CPU
		{A84EE5C7-916C-41D3-8BDA-AB9B252C09B6}.Release|Mixed Platforms.ActiveCfg = Release|Any CPU
		{A84EE5C7-916C-41D3-8BDA-AB9B252C09B6}.Release|Mixed Platforms.Build.0 = Release|Any CPU
		{A84EE5C7-916C-41D3-8BDA-AB9B252C09B6}.Release|x86.ActiveCfg = Release|Any CPU
		{A84EE5C7-916C-41D3-8BDA-AB9B252C09B6}.Release|x86.Build.0 = Release|Any CPU
		{82915045-7657-4840-BF45-4C72D9CC435C}.Debug|Any CPU.ActiveCfg = Debug|Any CPU
		{82915045-7657-4840-BF45-4C72D9CC435C}.Debug|Any CPU.Build.0 = Debug|Any CPU
		{82915045-7657-4840-BF45-4C72D9CC435C}.Debug|Mixed Platforms.ActiveCfg = Debug|Any CPU
		{82915045-7657-4840-BF45-4C72D9CC435C}.Debug|Mixed Platforms.Build.0 = Debug|Any CPU
		{82915045-7657-4840-BF45-4C72D9CC435C}.Debug|x86.ActiveCfg = Debug|Any CPU
		{82915045-7657-4840-BF45-4C72D9CC435C}.Debug|x86.Build.0 = Debug|Any CPU
		{82915045-7657-4840-BF45-4C72D9CC435C}.Release|Any CPU.ActiveCfg = Release|Any CPU
		{82915045-7657-4840-BF45-4C72D9CC435C}.Release|Any CPU.Build.0 = Release|Any CPU
		{82915045-7657-4840-BF45-4C72D9CC435C}.Release|Mixed Platforms.ActiveCfg = Release|Any CPU
		{82915045-7657-4840-BF45-4C72D9CC435C}.Release|Mixed Platforms.Build.0 = Release|Any CPU
		{82915045-7657-4840-BF45-4C72D9CC435C}.Release|x86.ActiveCfg = Release|Any CPU
		{82915045-7657-4840-BF45-4C72D9CC435C}.Release|x86.Build.0 = Release|Any CPU
	EndGlobalSection
	GlobalSection(SolutionProperties) = preSolution
		HideSolutionNode = FALSE
	EndGlobalSection
	GlobalSection(NestedProjects) = preSolution
		{DA541BAE-4358-41EE-BE73-9EF3534E4C78} = {6EE7ABD8-EA98-494F-B248-AA64F34CFD4B}
	EndGlobalSection
EndGlobal
